
Microsoft Visual Studio Solution File, Format Version 12.00
# Visual Studio Version 17
VisualStudioVersion = 17.9.34616.47
MinimumVisualStudioVersion = 10.0.40219.1
Project("{2150E333-8FDC-42A3-9474-1A3956D46DE8}") = "UI", "UI", "{7BC8C832-CAD5-4AAC-B133-88D4585B551B}"
EndProject
Project("{2150E333-8FDC-42A3-9474-1A3956D46DE8}") = "Gateway", "Gateway", "{685EF4A3-6CC0-471A-B357-66F38509C893}"
EndProject
Project("{2150E333-8FDC-42A3-9474-1A3956D46DE8}") = "Integration", "Integration", "{DD017ABC-CD38-4770-982F-60B0D47B74A1}"
EndProject
Project("{2150E333-8FDC-42A3-9474-1A3956D46DE8}") = "Services", "Services", "{D378D7FA-402B-4784-9D64-E853C1CDDD08}"
EndProject
Project("{FAE04EC0-301F-11D3-BF4B-00C04F79EFBC}") = "BB.Services.AuthAPI", "BB.Services.AuthAPI\BB.Services.AuthAPI.csproj", "{11E99D26-5881-40FC-ABC8-16617B12A426}"
EndProject
Global
	GlobalSection(SolutionConfigurationPlatforms) = preSolution
		Debug|Any CPU = Debug|Any CPU
		Release|Any CPU = Release|Any CPU
	EndGlobalSection
	GlobalSection(ProjectConfigurationPlatforms) = postSolution
		{11E99D26-5881-40FC-ABC8-16617B12A426}.Debug|Any CPU.ActiveCfg = Debug|Any CPU
		{11E99D26-5881-40FC-ABC8-16617B12A426}.Debug|Any CPU.Build.0 = Debug|Any CPU
		{11E99D26-5881-40FC-ABC8-16617B12A426}.Release|Any CPU.ActiveCfg = Release|Any CPU
		{11E99D26-5881-40FC-ABC8-16617B12A426}.Release|Any CPU.Build.0 = Release|Any CPU
	EndGlobalSection
	GlobalSection(SolutionProperties) = preSolution
		HideSolutionNode = FALSE
	EndGlobalSection
	GlobalSection(NestedProjects) = preSolution
		{11E99D26-5881-40FC-ABC8-16617B12A426} = {D378D7FA-402B-4784-9D64-E853C1CDDD08}
	EndGlobalSection
	GlobalSection(ExtensibilityGlobals) = postSolution
		SolutionGuid = {616AA054-ACA6-4718-867A-673111A476D2}
	EndGlobalSection
EndGlobal
